
Microsoft Visual Studio Solution File, Format Version 12.00
# Visual Studio Version 17
VisualStudioVersion = 17.8.34330.188
MinimumVisualStudioVersion = 10.0.40219.1
Project("{FAE04EC0-301F-11D3-BF4B-00C04F79EFBC}") = "StripDemo", "StripDemo.csproj", "{68129FF6-B4C6-4DB5-9CE5-CF77FD02B91C}"
EndProject
Global
	GlobalSection(SolutionConfigurationPlatforms) = preSolution
		Debug|Any CPU = Debug|Any CPU
		Release|Any CPU = Release|Any CPU
	EndGlobalSection
	GlobalSection(ProjectConfigurationPlatforms) = postSolution
		{68129FF6-B4C6-4DB5-9CE5-CF77FD02B91C}.Debug|Any CPU.ActiveCfg = Debug|Any CPU
		{68129FF6-B4C6-4DB5-9CE5-CF77FD02B91C}.Debug|Any CPU.Build.0 = Debug|Any CPU
		{68129FF6-B4C6-4DB5-9CE5-CF77FD02B91C}.Release|Any CPU.ActiveCfg = Release|Any CPU
		{68129FF6-B4C6-4DB5-9CE5-CF77FD02B91C}.Release|Any CPU.Build.0 = Release|Any CPU
	EndGlobalSection
	GlobalSection(SolutionProperties) = preSolution
		HideSolutionNode = FALSE
	EndGlobalSection
	GlobalSection(ExtensibilityGlobals) = postSolution
		SolutionGuid = {8A003B6E-990D-4C47-8973-1411849970ED}
	EndGlobalSection
EndGlobal
